
Microsoft Visual Studio Solution File, Format Version 12.00
# Visual Studio Version 17
VisualStudioVersion = 17.8.34330.188
MinimumVisualStudioVersion = 10.0.40219.1
Project("{8BC9CEB8-8B4A-11D0-8D11-00A0C91BC942}") = "Sorted", "Sorted\Sorted.vcxproj", "{8DE49862-AAC6-4102-9CCF-D410201027B2}"
EndProject
Project("{8BC9CEB8-8B4A-11D0-8D11-00A0C91BC942}") = "InterviewQuestions_Arrays", "InterviewQuestions_Arrays\InterviewQuestions_Arrays.vcxproj", "{9B5C76C7-0833-466A-8D30-9B66B8E8C931}"
EndProject
Global
	GlobalSection(SolutionConfigurationPlatforms) = preSolution
		Debug|x64 = Debug|x64
		Debug|x86 = Debug|x86
		Release|x64 = Release|x64
		Release|x86 = Release|x86
	EndGlobalSection
	GlobalSection(ProjectConfigurationPlatforms) = postSolution
		{8DE49862-AAC6-4102-9CCF-D410201027B2}.Debug|x64.ActiveCfg = Debug|x64
		{8DE49862-AAC6-4102-9CCF-D410201027B2}.Debug|x64.Build.0 = Debug|x64
		{8DE49862-AAC6-4102-9CCF-D410201027B2}.Debug|x86.ActiveCfg = Debug|Win32
		{8DE49862-AAC6-4102-9CCF-D410201027B2}.Debug|x86.Build.0 = Debug|Win32
		{8DE49862-AAC6-4102-9CCF-D410201027B2}.Release|x64.ActiveCfg = Release|x64
		{8DE49862-AAC6-4102-9CCF-D410201027B2}.Release|x64.Build.0 = Release|x64
		{8DE49862-AAC6-4102-9CCF-D410201027B2}.Release|x86.ActiveCfg = Release|Win32
		{8DE49862-AAC6-4102-9CCF-D410201027B2}.Release|x86.Build.0 = Release|Win32
		{9B5C76C7-0833-466A-8D30-9B66B8E8C931}.Debug|x64.ActiveCfg = Debug|x64
		{9B5C76C7-0833-466A-8D30-9B66B8E8C931}.Debug|x64.Build.0 = Debug|x64
		{9B5C76C7-0833-466A-8D30-9B66B8E8C931}.Debug|x86.ActiveCfg = Debug|Win32
		{9B5C76C7-0833-466A-8D30-9B66B8E8C931}.Debug|x86.Build.0 = Debug|Win32
		{9B5C76C7-0833-466A-8D30-9B66B8E8C931}.Release|x64.ActiveCfg = Release|x64
		{9B5C76C7-0833-466A-8D30-9B66B8E8C931}.Release|x64.Build.0 = Release|x64
		{9B5C76C7-0833-466A-8D30-9B66B8E8C931}.Release|x86.ActiveCfg = Release|Win32
		{9B5C76C7-0833-466A-8D30-9B66B8E8C931}.Release|x86.Build.0 = Release|Win32
	EndGlobalSection
	GlobalSection(SolutionProperties) = preSolution
		HideSolutionNode = FALSE
	EndGlobalSection
	GlobalSection(ExtensibilityGlobals) = postSolution
		SolutionGuid = {74288E63-CE2B-4AE8-89FB-17DF93DA594A}
	EndGlobalSection
EndGlobal
